
Microsoft Visual Studio Solution File, Format Version 12.00
# Visual Studio 2013
VisualStudioVersion = 12.0.31101.0
MinimumVisualStudioVersion = 10.0.40219.1
Project("{FAE04EC0-301F-11D3-BF4B-00C04F79EFBC}") = "0.MatchFullName", "MatchFullName\0.MatchFullName.csproj", "{D917B975-797F-456E-A3F6-B00105D35611}"
EndProject
Project("{FAE04EC0-301F-11D3-BF4B-00C04F79EFBC}") = "0.MatchPhoneNumber", "MatchPhoneNumber\0.MatchPhoneNumber.csproj", "{B1A9E5E5-44BF-4841-893C-AD465321ECF5}"
EndProject
Project("{FAE04EC0-301F-11D3-BF4B-00C04F79EFBC}") = "01.SeriesOfLetters", "01.SeriesOfLetters\01.SeriesOfLetters.csproj", "{338455CC-C74F-4199-80DF-6029A46912FC}"
EndProject
Project("{FAE04EC0-301F-11D3-BF4B-00C04F79EFBC}") = "02.ReplaceTag", "02.ReplaceTag\02.ReplaceTag.csproj", "{BA2EA655-6BED-4075-8F76-917A06CDE777}"
EndProject
Project("{FAE04EC0-301F-11D3-BF4B-00C04F79EFBC}") = "03.ExtractEmails", "03.ExtractEmails\03.ExtractEmails.csproj", "{59B6EC38-1EFB-4339-850B-D2F2A4403319}"
EndProject
Project("{FAE04EC0-301F-11D3-BF4B-00C04F79EFBC}") = "04.SentenceExtractor", "04.SentenceExtractor\04.SentenceExtractor.csproj", "{C28F710B-0ABF-4849-8C66-9F3E07E0BB2F}"
EndProject
Project("{FAE04EC0-301F-11D3-BF4B-00C04F79EFBC}") = "05.ValidUsernames", "05.ValidUsernames\05.ValidUsernames.csproj", "{C17119DE-384B-4471-8C29-D1562EE675D7}"
EndProject
Global
	GlobalSection(SolutionConfigurationPlatforms) = preSolution
		Debug|Any CPU = Debug|Any CPU
		Release|Any CPU = Release|Any CPU
	EndGlobalSection
	GlobalSection(ProjectConfigurationPlatforms) = postSolution
		{D917B975-797F-456E-A3F6-B00105D35611}.Debug|Any CPU.ActiveCfg = Debug|Any CPU
		{D917B975-797F-456E-A3F6-B00105D35611}.Debug|Any CPU.Build.0 = Debug|Any CPU
		{D917B975-797F-456E-A3F6-B00105D35611}.Release|Any CPU.ActiveCfg = Release|Any CPU
		{D917B975-797F-456E-A3F6-B00105D35611}.Release|Any CPU.Build.0 = Release|Any CPU
		{B1A9E5E5-44BF-4841-893C-AD465321ECF5}.Debug|Any CPU.ActiveCfg = Debug|Any CPU
		{B1A9E5E5-44BF-4841-893C-AD465321ECF5}.Debug|Any CPU.Build.0 = Debug|Any CPU
		{B1A9E5E5-44BF-4841-893C-AD465321ECF5}.Release|Any CPU.ActiveCfg = Release|Any CPU
		{B1A9E5E5-44BF-4841-893C-AD465321ECF5}.Release|Any CPU.Build.0 = Release|Any CPU
		{338455CC-C74F-4199-80DF-6029A46912FC}.Debug|Any CPU.ActiveCfg = Debug|Any CPU
		{338455CC-C74F-4199-80DF-6029A46912FC}.Debug|Any CPU.Build.0 = Debug|Any CPU
		{338455CC-C74F-4199-80DF-6029A46912FC}.Release|Any CPU.ActiveCfg = Release|Any CPU
		{338455CC-C74F-4199-80DF-6029A46912FC}.Release|Any CPU.Build.0 = Release|Any CPU
		{BA2EA655-6BED-4075-8F76-917A06CDE777}.Debug|Any CPU.ActiveCfg = Debug|Any CPU
		{BA2EA655-6BED-4075-8F76-917A06CDE777}.Debug|Any CPU.Build.0 = Debug|Any CPU
		{BA2EA655-6BED-4075-8F76-917A06CDE777}.Release|Any CPU.ActiveCfg = Release|Any CPU
		{BA2EA655-6BED-4075-8F76-917A06CDE777}.Release|Any CPU.Build.0 = Release|Any CPU
		{59B6EC38-1EFB-4339-850B-D2F2A4403319}.Debug|Any CPU.ActiveCfg = Debug|Any CPU
		{59B6EC38-1EFB-4339-850B-D2F2A4403319}.Debug|Any CPU.Build.0 = Debug|Any CPU
		{59B6EC38-1EFB-4339-850B-D2F2A4403319}.Release|Any CPU.ActiveCfg = Release|Any CPU
		{59B6EC38-1EFB-4339-850B-D2F2A4403319}.Release|Any CPU.Build.0 = Release|Any CPU
		{C28F710B-0ABF-4849-8C66-9F3E07E0BB2F}.Debug|Any CPU.ActiveCfg = Debug|Any CPU
		{C28F710B-0ABF-4849-8C66-9F3E07E0BB2F}.Debug|Any CPU.Build.0 = Debug|Any CPU
		{C28F710B-0ABF-4849-8C66-9F3E07E0BB2F}.Release|Any CPU.ActiveCfg = Release|Any CPU
		{C28F710B-0ABF-4849-8C66-9F3E07E0BB2F}.Release|Any CPU.Build.0 = Release|Any CPU
		{C17119DE-384B-4471-8C29-D1562EE675D7}.Debug|Any CPU.ActiveCfg = Debug|Any CPU
		{C17119DE-384B-4471-8C29-D1562EE675D7}.Debug|Any CPU.Build.0 = Debug|Any CPU
		{C17119DE-384B-4471-8C29-D1562EE675D7}.Release|Any CPU.ActiveCfg = Release|Any CPU
		{C17119DE-384B-4471-8C29-D1562EE675D7}.Release|Any CPU.Build.0 = Release|Any CPU
	EndGlobalSection
	GlobalSection(SolutionProperties) = preSolution
		HideSolutionNode = FALSE
	EndGlobalSection
EndGlobal
